{
  "name": "example",
  "version": "1.0.0",
  "lockfileVersion": 1,
  "dependencies": {
    "@angular/animations": {
      "version": "4.2.6",
      "resolved": "https://registry.npmjs.org/@angular/animations/-/animations-4.2.6.tgz",
      "integrity": "sha1-nZyAoRmwwDaTy9I7uvcosVMf/8c="
    },
    "@angular/common": {
      "version": "4.2.6",
      "resolved": "https://registry.npmjs.org/@angular/common/-/common-4.2.6.tgz",
      "integrity": "sha1-IQrOS9JON1+LQbpS/rNLGKiH1do="
    },
    "@angular/compiler": {
      "version": "4.2.6",
      "resolved": "https://registry.npmjs.org/@angular/compiler/-/compiler-4.2.6.tgz",
      "integrity": "sha1-ZndW1JXKDUXSBhJooQ1Sr4Ofr/Q="
    },
    "@angular/core": {
      "version": "4.2.6",
      "resolved": "https://registry.npmjs.org/@angular/core/-/core-4.2.6.tgz",
      "integrity": "sha1-DByP8BV/B29KfAtyHKFCPxu+Fk4="
    },
    "@angular/forms": {
      "version": "4.2.6",
      "resolved": "https://registry.npmjs.org/@angular/forms/-/forms-4.2.6.tgz",
      "integrity": "sha1-nTI5lgjkYDu/GXQXqluU6ApGfrA="
    },
    "@angular/http": {
      "version": "4.2.6",
      "resolved": "https://registry.npmjs.org/@angular/http/-/http-4.2.6.tgz",
      "integrity": "sha1-SZ4roLvB89cbdt6+wDTJWMrxE04="
    },
    "@angular/platform-browser": {
      "version": "4.2.7",
      "resolved": "https://registry.npmjs.org/@angular/platform-browser/-/platform-browser-4.2.6.tgz",
      "integrity": "sha1-oTH/WSIl/mSWvKLJr/YSpNvd9Dc="
    }
  }
}